// !$*UTF8*$!
{
	archiveVersion = 1;
	classes = {
	};
	objectVersion = 50;
	objects = {

/* Begin PBXBuildFile section */
		3F593FA52165829800364E1D /* AppDelegate.swift in Sources */ = {isa = PBXBuildFile; fileRef = 3F593FA42165829800364E1D /* AppDelegate.swift */; };
		3F593FA72165829800364E1D /* CalculatorViewController.swift in Sources */ = {isa = PBXBuildFile; fileRef = 3F593FA62165829800364E1D /* CalculatorViewController.swift */; };
		3F593FA92165829800364E1D /* HistoryViewController.swift in Sources */ = {isa = PBXBuildFile; fileRef = 3F593FA82165829800364E1D /* HistoryViewController.swift */; };
		3F593FAC2165829800364E1D /* Main.storyboard in Resources */ = {isa = PBXBuildFile; fileRef = 3F593FAA2165829800364E1D /* Main.storyboard */; };
		3F593FAE2165829900364E1D /* Assets.xcassets in Resources */ = {isa = PBXBuildFile; fileRef = 3F593FAD2165829900364E1D /* Assets.xcassets */; };
		3F593FB12165829900364E1D /* LaunchScreen.storyboard in Resources */ = {isa = PBXBuildFile; fileRef = 3F593FAF2165829900364E1D /* LaunchScreen.storyboard */; };
		3F593FB92165848800364E1D /* StatisticaViewController.swift in Sources */ = {isa = PBXBuildFile; fileRef = 3F593FB82165848800364E1D /* StatisticaViewController.swift */; };
		3F593FBB2165958300364E1D /* Expense.swift in Sources */ = {isa = PBXBuildFile; fileRef = 3F593FBA2165958300364E1D /* Expense.swift */; };
		3F593FBD216597AF00364E1D /* ExpenseRepository.swift in Sources */ = {isa = PBXBuildFile; fileRef = 3F593FBC216597AF00364E1D /* ExpenseRepository.swift */; };
/* End PBXBuildFile section */

/* Begin PBXFileReference section */
		3F593FA12165829800364E1D /* Expenso.app */ = {isa = PBXFileReference; explicitFileType = wrapper.application; includeInIndex = 0; path = Expenso.app; sourceTree = BUILT_PRODUCTS_DIR; };
		3F593FA42165829800364E1D /* AppDelegate.swift */ = {isa = PBXFileReference; lastKnownFileType = sourcecode.swift; path = AppDelegate.swift; sourceTree = "<group>"; };
		3F593FA62165829800364E1D /* CalculatorViewController.swift */ = {isa = PBXFileReference; lastKnownFileType = sourcecode.swift; path = CalculatorViewController.swift; sourceTree = "<group>"; };
		3F593FA82165829800364E1D /* HistoryViewController.swift */ = {isa = PBXFileReference; lastKnownFileType = sourcecode.swift; path = HistoryViewController.swift; sourceTree = "<group>"; };
		3F593FAB2165829800364E1D /* Base */ = {isa = PBXFileReference; lastKnownFileType = file.storyboard; name = Base; path = Base.lproj/Main.storyboard; sourceTree = "<group>"; };
		3F593FAD2165829900364E1D /* Assets.xcassets */ = {isa = PBXFileReference; lastKnownFileType = folder.assetcatalog; path = Assets.xcassets; sourceTree = "<group>"; };
		3F593FB02165829900364E1D /* Base */ = {isa = PBXFileReference; lastKnownFileType = file.storyboard; name = Base; path = Base.lproj/LaunchScreen.storyboard; sourceTree = "<group>"; };
		3F593FB22165829900364E1D /* Info.plist */ = {isa = PBXFileReference; lastKnownFileType = text.plist.xml; path = Info.plist; sourceTree = "<group>"; };
		3F593FB82165848800364E1D /* StatisticaViewController.swift */ = {isa = PBXFileReference; lastKnownFileType = sourcecode.swift; path = StatisticaViewController.swift; sourceTree = "<group>"; };
		3F593FBA2165958300364E1D /* Expense.swift */ = {isa = PBXFileReference; lastKnownFileType = sourcecode.swift; path = Expense.swift; sourceTree = "<group>"; };
		3F593FBC216597AF00364E1D /* ExpenseRepository.swift */ = {isa = PBXFileReference; lastKnownFileType = sourcecode.swift; path = ExpenseRepository.swift; sourceTree = "<group>"; };
/* End PBXFileReference section */

/* Begin PBXFrameworksBuildPhase section */
		3F593F9E2165829800364E1D /* Frameworks */ = {
			isa = PBXFrameworksBuildPhase;
			buildActionMask = 2147483647;
			files = (
			);
			runOnlyForDeploymentPostprocessing = 0;
		};
/* End PBXFrameworksBuildPhase section */

/* Begin PBXGroup section */
		3F593F982165829800364E1D = {
			isa = PBXGroup;
			children = (
				3F593FA32165829800364E1D /* Expenso */,
				3F593FA22165829800364E1D /* Products */,
			);
			sourceTree = "<group>";
		};
		3F593FA22165829800364E1D /* Products */ = {
			isa = PBXGroup;
			children = (
				3F593FA12165829800364E1D /* Expenso.app */,
			);
			name = Products;
			sourceTree = "<group>";
		};
		3F593FA32165829800364E1D /* Expenso */ = {
			isa = PBXGroup;
			children = (
				3F593FA42165829800364E1D /* AppDelegate.swift */,
				3F593FA62165829800364E1D /* CalculatorViewController.swift */,
				3F593FA82165829800364E1D /* HistoryViewController.swift */,
				3F593FB82165848800364E1D /* StatisticaViewController.swift */,
				3F593FBA2165958300364E1D /* Expense.swift */,
				3F593FBC216597AF00364E1D /* ExpenseRepository.swift */,
				3F593FAA2165829800364E1D /* Main.storyboard */,
				3F593FAD2165829900364E1D /* Assets.xcassets */,
				3F593FAF2165829900364E1D /* LaunchScreen.storyboard */,
				3F593FB22165829900364E1D /* Info.plist */,
			);
			path = Expenso;
			sourceTree = "<group>";
		};
/* End PBXGroup section */

/* Begin PBXNativeTarget section */
		3F593FA02165829800364E1D /* Expenso */ = {
			isa = PBXNativeTarget;
			buildConfigurationList = 3F593FB52165829900364E1D /* Build configuration list for PBXNativeTarget "Expenso" */;
			buildPhases = (
				3F593F9D2165829800364E1D /* Sources */,
				3F593F9E2165829800364E1D /* Frameworks */,
				3F593F9F2165829800364E1D /* Resources */,
			);
			buildRules = (
			);
			dependencies = (
			);
			name = Expenso;
			productName = Expenso;
			productReference = 3F593FA12165829800364E1D /* Expenso.app */;
			productType = "com.apple.product-type.application";
		};
/* End PBXNativeTarget section */

/* Begin PBXProject section */
		3F593F992165829800364E1D /* Project object */ = {
			isa = PBXProject;
			attributes = {
				LastSwiftUpdateCheck = 1000;
				LastUpgradeCheck = 1000;
				ORGANIZATIONNAME = student;
				TargetAttributes = {
					3F593FA02165829800364E1D = {
						CreatedOnToolsVersion = 10.0;
					};
				};
			};
			buildConfigurationList = 3F593F9C2165829800364E1D /* Build configuration list for PBXProject "Expenso" */;
			compatibilityVersion = "Xcode 9.3";
			developmentRegion = en;
			hasScannedForEncodings = 0;
			knownRegions = (
				en,
				Base,
			);
			mainGroup = 3F593F982165829800364E1D;
			productRefGroup = 3F593FA22165829800364E1D /* Products */;
			projectDirPath = "";
			projectRoot = "";
			targets = (
				3F593FA02165829800364E1D /* Expenso */,
			);
		};
/* End PBXProject section */

/* Begin PBXResourcesBuildPhase section */
		3F593F9F2165829800364E1D /* Resources */ = {
			isa = PBXResourcesBuildPhase;
			buildActionMask = 2147483647;
			files = (
				3F593FB12165829900364E1D /* LaunchScreen.storyboard in Resources */,
				3F593FAE2165829900364E1D /* Assets.xcassets in Resources */,
				3F593FAC2165829800364E1D /* Main.storyboard in Resources */,
			);
			runOnlyForDeploymentPostprocessing = 0;
		};
/* End PBXResourcesBuildPhase section */

/* Begin PBXSourcesBuildPhase section */
		3F593F9D2165829800364E1D /* Sources */ = {
			isa = PBXSourcesBuildPhase;
			buildActionMask = 2147483647;
			files = (
				3F593FA92165829800364E1D /* HistoryViewController.swift in Sources */,
				3F593FB92165848800364E1D /* StatisticaViewController.swift in Sources */,
				3F593FA52165829800364E1D /* AppDelegate.swift in Sources */,
				3F593FA72165829800364E1D /* CalculatorViewController.swift in Sources */,
				3F593FBD216597AF00364E1D /* ExpenseRepository.swift in Sources */,
				3F593FBB2165958300364E1D /* Expense.swift in Sources */,
			);
			runOnlyForDeploymentPostprocessing = 0;
		};
/* End PBXSourcesBuildPhase section */

/* Begin PBXVariantGroup section */
		3F593FAA2165829800364E1D /* Main.storyboard */ = {
			isa = PBXVariantGroup;
			children = (
				3F593FAB2165829800364E1D /* Base */,
			);
			name = Main.storyboard;
			sourceTree = "<group>";
		};
		3F593FAF2165829900364E1D /* LaunchScreen.storyboard */ = {
			isa = PBXVariantGroup;
			children = (
				3F593FB02165829900364E1D /* Base */,
			);
			name = LaunchScreen.storyboard;
			sourceTree = "<group>";
		};
/* End PBXVariantGroup section */

/* Begin XCBuildConfiguration section */
		3F593FB32165829900364E1D /* Debug */ = {
			isa = XCBuildConfiguration;
			buildSettings = {
				ALWAYS_SEARCH_USER_PATHS = NO;
				CLANG_ANALYZER_NONNULL = YES;
				CLANG_ANALYZER_NUMBER_OBJECT_CONVERSION = YES_AGGRESSIVE;
				CLANG_CXX_LANGUAGE_STANDARD = "gnu++14";
				CLANG_CXX_LIBRARY = "libc++";
				CLANG_ENABLE_MODULES = YES;
				CLANG_ENABLE_OBJC_ARC = YES;
				CLANG_ENABLE_OBJC_WEAK = YES;
				CLANG_WARN_BLOCK_CAPTURE_AUTORELEASING = YES;
				CLANG_WARN_BOOL_CONVERSION = YES;
				CLANG_WARN_COMMA = YES;
				CLANG_WARN_CONSTANT_CONVERSION = YES;
				CLANG_WARN_DEPRECATED_OBJC_IMPLEMENTATIONS = YES;
				CLANG_WARN_DIRECT_OBJC_ISA_USAGE = YES_ERROR;
				CLANG_WARN_DOCUMENTATION_COMMENTS = YES;
				CLANG_WARN_EMPTY_BODY = YES;
				CLANG_WARN_ENUM_CONVERSION = YES;
				CLANG_WARN_INFINITE_RECURSION = YES;
				CLANG_WARN_INT_CONVERSION = YES;
				CLANG_WARN_NON_LITERAL_NULL_CONVERSION = YES;
				CLANG_WARN_OBJC_IMPLICIT_RETAIN_SELF = YES;
				CLANG_WARN_OBJC_LITERAL_CONVERSION = YES;
				CLANG_WARN_OBJC_ROOT_CLASS = YES_ERROR;
				CLANG_WARN_RANGE_LOOP_ANALYSIS = YES;
				CLANG_WARN_STRICT_PROTOTYPES = YES;
				CLANG_WARN_SUSPICIOUS_MOVE = YES;
				CLANG_WARN_UNGUARDED_AVAILABILITY = YES_AGGRESSIVE;
				CLANG_WARN_UNREACHABLE_CODE = YES;
				CLANG_WARN__DUPLICATE_METHOD_MATCH = YES;
				CODE_SIGN_IDENTITY = "iPhone Developer";
				COPY_PHASE_STRIP = NO;
				DEBUG_INFORMATION_FORMAT = dwarf;
				ENABLE_STRICT_OBJC_MSGSEND = YES;
				ENABLE_TESTABILITY = YES;
				GCC_C_LANGUAGE_STANDARD = gnu11;
				GCC_DYNAMIC_NO_PIC = NO;
				GCC_NO_COMMON_BLOCKS = YES;
				GCC_OPTIMIZATION_LEVEL = 0;
				GCC_PREPROCESSOR_DEFINITIONS = (
					"DEBUG=1",
					"$(inherited)",
				);
				GCC_WARN_64_TO_32_BIT_CONVERSION = YES;
				GCC_WARN_ABOUT_RETURN_TYPE = YES_ERROR;
				GCC_WARN_UNDECLARED_SELECTOR = YES;
				GCC_WARN_UNINITIALIZED_AUTOS = YES_AGGRESSIVE;
				GCC_WARN_UNUSED_FUNCTION = YES;
				GCC_WARN_UNUSED_VARIABLE = YES;
				IPHONEOS_DEPLOYMENT_TARGET = 12.0;
				MTL_ENABLE_DEBUG_INFO = INCLUDE_SOURCE;
				MTL_FAST_MATH = YES;
				ONLY_ACTIVE_ARCH = YES;
				SDKROOT = iphoneos;
				SWIFT_ACTIVE_COMPILATION_CONDITIONS = DEBUG;
				SWIFT_OPTIMIZATION_LEVEL = "-Onone";
			};
			name = Debug;
		};
		3F593FB42165829900364E1D /* Release */ = {
			isa = XCBuildConfiguration;
			buildSettings = {
				ALWAYS_SEARCH_USER_PATHS = NO;
				CLANG_ANALYZER_NONNULL = YES;
				CLANG_ANALYZER_NUMBER_OBJECT_CONVERSION = YES_AGGRESSIVE;
				CLANG_CXX_LANGUAGE_STANDARD = "gnu++14";
				CLANG_CXX_LIBRARY = "libc++";
				CLANG_ENABLE_MODULES = YES;
				CLANG_ENABLE_OBJC_ARC = YES;
				CLANG_ENABLE_OBJC_WEAK = YES;
				CLANG_WARN_BLOCK_CAPTURE_AUTORELEASING = YES;
				CLANG_WARN_BOOL_CONVERSION = YES;
				CLANG_WARN_COMMA = YES;
				CLANG_WARN_CONSTANT_CONVERSION = YES;
				CLANG_WARN_DEPRECATED_OBJC_IMPLEMENTATIONS = YES;
				CLANG_WARN_DIRECT_OBJC_ISA_USAGE = YES_ERROR;
				CLANG_WARN_DOCUMENTATION_COMMENTS = YES;
				CLANG_WARN_EMPTY_BODY = YES;
				CLANG_WARN_ENUM_CONVERSION = YES;
				CLANG_WARN_INFINITE_RECURSION = YES;
				CLANG_WARN_INT_CONVERSION = YES;
				CLANG_WARN_NON_LITERAL_NULL_CONVERSION = YES;
				CLANG_WARN_OBJC_IMPLICIT_RETAIN_SELF = YES;
				CLANG_WARN_OBJC_LITERAL_CONVERSION = YES;
				CLANG_WARN_OBJC_ROOT_CLASS = YES_ERROR;
				CLANG_WARN_RANGE_LOOP_ANALYSIS = YES;
				CLANG_WARN_STRICT_PROTOTYPES = YES;
				CLANG_WARN_SUSPICIOUS_MOVE = YES;
				CLANG_WARN_UNGUARDED_AVAILABILITY = YES_AGGRESSIVE;
				CLANG_WARN_UNREACHABLE_CODE = YES;
				CLANG_WARN__DUPLICATE_METHOD_MATCH = YES;
				CODE_SIGN_IDENTITY = "iPhone Developer";
				COPY_PHASE_STRIP = NO;
				DEBUG_INFORMATION_FORMAT = "dwarf-with-dsym";
				ENABLE_NS_ASSERTIONS = NO;
				ENABLE_STRICT_OBJC_MSGSEND = YES;
				GCC_C_LANGUAGE_STANDARD = gnu11;
				GCC_NO_COMMON_BLOCKS = YES;
				GCC_WARN_64_TO_32_BIT_CONVERSION = YES;
				GCC_WARN_ABOUT_RETURN_TYPE = YES_ERROR;
				GCC_WARN_UNDECLARED_SELECTOR = YES;
				GCC_WARN_UNINITIALIZED_AUTOS = YES_AGGRESSIVE;
				GCC_WARN_UNUSED_FUNCTION = YES;
				GCC_WARN_UNUSED_VARIABLE = YES;
				IPHONEOS_DEPLOYMENT_TARGET = 12.0;
				MTL_ENABLE_DEBUG_INFO = NO;
				MTL_FAST_MATH = YES;
				SDKROOT = iphoneos;
				SWIFT_COMPILATION_MODE = wholemodule;
				SWIFT_OPTIMIZATION_LEVEL = "-O";
				VALIDATE_PRODUCT = YES;
			};
			name = Release;
		};
		3F593FB62165829900364E1D /* Debug */ = {
			isa = XCBuildConfiguration;
			buildSettings = {
				ASSETCATALOG_COMPILER_APPICON_NAME = AppIcon;
				CODE_SIGN_STYLE = Automatic;
				INFOPLIST_FILE = Expenso/Info.plist;
				LD_RUNPATH_SEARCH_PATHS = (
					"$(inherited)",
					"@executable_path/Frameworks",
				);
				PRODUCT_BUNDLE_IDENTIFIER = org.raj.expenso.Expenso;
				PRODUCT_NAME = "$(TARGET_NAME)";
				SWIFT_VERSION = 4.2;
				TARGETED_DEVICE_FAMILY = "1,2";
			};
			name = Debug;
		};
		3F593FB72165829900364E1D /* Release */ = {
			isa = XCBuildConfiguration;
			buildSettings = {
				ASSETCATALOG_COMPILER_APPICON_NAME = AppIcon;
				CODE_SIGN_STYLE = Automatic;
				INFOPLIST_FILE = Expenso/Info.plist;
				LD_RUNPATH_SEARCH_PATHS = (
					"$(inherited)",
					"@executable_path/Frameworks",
				);
				PRODUCT_BUNDLE_IDENTIFIER = org.raj.expenso.Expenso;
				PRODUCT_NAME = "$(TARGET_NAME)";
				SWIFT_VERSION = 4.2;
				TARGETED_DEVICE_FAMILY = "1,2";
			};
			name = Release;
		};
/* End XCBuildConfiguration section */

/* Begin XCConfigurationList section */
		3F593F9C2165829800364E1D /* Build configuration list for PBXProject "Expenso" */ = {
			isa = XCConfigurationList;
			buildConfigurations = (
				3F593FB32165829900364E1D /* Debug */,
				3F593FB42165829900364E1D /* Release */,
			);
			defaultConfigurationIsVisible = 0;
			defaultConfigurationName = Release;
		};
		3F593FB52165829900364E1D /* Build configuration list for PBXNativeTarget "Expenso" */ = {
			isa = XCConfigurationList;
			buildConfigurations = (
				3F593FB62165829900364E1D /* Debug */,
				3F593FB72165829900364E1D /* Release */,
			);
			defaultConfigurationIsVisible = 0;
			defaultConfigurationName = Release;
		};
/* End XCConfigurationList section */
	};
	rootObject = 3F593F992165829800364E1D /* Project object */;
}
